// !$*UTF8*$!
{
	archiveVersion = 1;
	classes = {
	};
	objectVersion = 46;
	objects = {

/* Begin PBXBuildFile section */
		5D9B8F961514A3980047C78E /* UIKit.framework in Frameworks */ = {isa = PBXBuildFile; fileRef = 5D9B8F951514A3980047C78E /* UIKit.framework */; };
		5D9B8F981514A3980047C78E /* Foundation.framework in Frameworks */ = {isa = PBXBuildFile; fileRef = 5D9B8F971514A3980047C78E /* Foundation.framework */; };
		5D9B8F9A1514A3980047C78E /* CoreGraphics.framework in Frameworks */ = {isa = PBXBuildFile; fileRef = 5D9B8F991514A3980047C78E /* CoreGraphics.framework */; };
		5D9B8FA01514A3980047C78E /* InfoPlist.strings in Resources */ = {isa = PBXBuildFile; fileRef = 5D9B8F9E1514A3980047C78E /* InfoPlist.strings */; };
		5D9B8FA21514A3980047C78E /* main.m in Sources */ = {isa = PBXBuildFile; fileRef = 5D9B8FA11514A3980047C78E /* main.m */; };
		5D9B8FA61514A3980047C78E /* AppDelegate.m in Sources */ = {isa = PBXBuildFile; fileRef = 5D9B8FA51514A3980047C78E /* AppDelegate.m */; };
		5D9B8FA91514A3980047C78E /* MainStoryboard.storyboard in Resources */ = {isa = PBXBuildFile; fileRef = 5D9B8FA71514A3980047C78E /* MainStoryboard.storyboard */; };
		5D9B8FAC1514A3980047C78E /* ViewController.m in Sources */ = {isa = PBXBuildFile; fileRef = 5D9B8FAB1514A3980047C78E /* ViewController.m */; };
/* End PBXBuildFile section */

/* Begin PBXFileReference section */
		5D9B8F911514A3980047C78E /* poker_iPhone.app */ = {isa = PBXFileReference; explicitFileType = wrapper.application; includeInIndex = 0; path = poker_iPhone.app; sourceTree = BUILT_PRODUCTS_DIR; };
		5D9B8F951514A3980047C78E /* UIKit.framework */ = {isa = PBXFileReference; lastKnownFileType = wrapper.framework; name = UIKit.framework; path = System/Library/Frameworks/UIKit.framework; sourceTree = SDKROOT; };
		5D9B8F971514A3980047C78E /* Foundation.framework */ = {isa = PBXFileReference; lastKnownFileType = wrapper.framework; name = Foundation.framework; path = System/Library/Frameworks/Foundation.framework; sourceTree = SDKROOT; };
		5D9B8F991514A3980047C78E /* CoreGraphics.framework */ = {isa = PBXFileReference; lastKnownFileType = wrapper.framework; name = CoreGraphics.framework; path = System/Library/Frameworks/CoreGraphics.framework; sourceTree = SDKROOT; };
		5D9B8F9D1514A3980047C78E /* poker_iPhone-Info.plist */ = {isa = PBXFileReference; lastKnownFileType = text.plist.xml; path = "poker_iPhone-Info.plist"; sourceTree = "<group>"; };
		5D9B8F9F1514A3980047C78E /* en */ = {isa = PBXFileReference; lastKnownFileType = text.plist.strings; name = en; path = en.lproj/InfoPlist.strings; sourceTree = "<group>"; };
		5D9B8FA11514A3980047C78E /* main.m */ = {isa = PBXFileReference; lastKnownFileType = sourcecode.c.objc; path = main.m; sourceTree = "<group>"; };
		5D9B8FA31514A3980047C78E /* poker_iPhone-Prefix.pch */ = {isa = PBXFileReference; lastKnownFileType = sourcecode.c.h; path = "poker_iPhone-Prefix.pch"; sourceTree = "<group>"; };
		5D9B8FA41514A3980047C78E /* AppDelegate.h */ = {isa = PBXFileReference; lastKnownFileType = sourcecode.c.h; path = AppDelegate.h; sourceTree = "<group>"; };
		5D9B8FA51514A3980047C78E /* AppDelegate.m */ = {isa = PBXFileReference; lastKnownFileType = sourcecode.c.objc; path = AppDelegate.m; sourceTree = "<group>"; };
		5D9B8FA81514A3980047C78E /* en */ = {isa = PBXFileReference; lastKnownFileType = file.storyboard; name = en; path = en.lproj/MainStoryboard.storyboard; sourceTree = "<group>"; };
		5D9B8FAA1514A3980047C78E /* ViewController.h */ = {isa = PBXFileReference; lastKnownFileType = sourcecode.c.h; path = ViewController.h; sourceTree = "<group>"; };
		5D9B8FAB1514A3980047C78E /* ViewController.m */ = {isa = PBXFileReference; lastKnownFileType = sourcecode.c.objc; path = ViewController.m; sourceTree = "<group>"; };
/* End PBXFileReference section */

/* Begin PBXFrameworksBuildPhase section */
		5D9B8F8E1514A3980047C78E /* Frameworks */ = {
			isa = PBXFrameworksBuildPhase;
			buildActionMask = 2147483647;
			files = (
				5D9B8F961514A3980047C78E /* UIKit.framework in Frameworks */,
				5D9B8F981514A3980047C78E /* Foundation.framework in Frameworks */,
				5D9B8F9A1514A3980047C78E /* CoreGraphics.framework in Frameworks */,
			);
			runOnlyForDeploymentPostprocessing = 0;
		};
/* End PBXFrameworksBuildPhase section */

/* Begin PBXGroup section */
		5D9B8F861514A3980047C78E = {
			isa = PBXGroup;
			children = (
				5D9B8F9B1514A3980047C78E /* poker_iPhone */,
				5D9B8F941514A3980047C78E /* Frameworks */,
				5D9B8F921514A3980047C78E /* Products */,
			);
			sourceTree = "<group>";
		};
		5D9B8F921514A3980047C78E /* Products */ = {
			isa = PBXGroup;
			children = (
				5D9B8F911514A3980047C78E /* poker_iPhone.app */,
			);
			name = Products;
			sourceTree = "<group>";
		};
		5D9B8F941514A3980047C78E /* Frameworks */ = {
			isa = PBXGroup;
			children = (
				5D9B8F951514A3980047C78E /* UIKit.framework */,
				5D9B8F971514A3980047C78E /* Foundation.framework */,
				5D9B8F991514A3980047C78E /* CoreGraphics.framework */,
			);
			name = Frameworks;
			sourceTree = "<group>";
		};
		5D9B8F9B1514A3980047C78E /* poker_iPhone */ = {
			isa = PBXGroup;
			children = (
				5D9B8FA41514A3980047C78E /* AppDelegate.h */,
				5D9B8FA51514A3980047C78E /* AppDelegate.m */,
				5D9B8FA71514A3980047C78E /* MainStoryboard.storyboard */,
				5D9B8FAA1514A3980047C78E /* ViewController.h */,
				5D9B8FAB1514A3980047C78E /* ViewController.m */,
				5D9B8F9C1514A3980047C78E /* Supporting Files */,
			);
			path = poker_iPhone;
			sourceTree = "<group>";
		};
		5D9B8F9C1514A3980047C78E /* Supporting Files */ = {
			isa = PBXGroup;
			children = (
				5D9B8F9D1514A3980047C78E /* poker_iPhone-Info.plist */,
				5D9B8F9E1514A3980047C78E /* InfoPlist.strings */,
				5D9B8FA11514A3980047C78E /* main.m */,
				5D9B8FA31514A3980047C78E /* poker_iPhone-Prefix.pch */,
			);
			name = "Supporting Files";
			sourceTree = "<group>";
		};
/* End PBXGroup section */

/* Begin PBXNativeTarget section */
		5D9B8F901514A3980047C78E /* poker_iPhone */ = {
			isa = PBXNativeTarget;
			buildConfigurationList = 5D9B8FAF1514A3980047C78E /* Build configuration list for PBXNativeTarget "poker_iPhone" */;
			buildPhases = (
				5D9B8F8D1514A3980047C78E /* Sources */,
				5D9B8F8E1514A3980047C78E /* Frameworks */,
				5D9B8F8F1514A3980047C78E /* Resources */,
			);
			buildRules = (
			);
			dependencies = (
			);
			name = poker_iPhone;
			productName = poker_iPhone;
			productReference = 5D9B8F911514A3980047C78E /* poker_iPhone.app */;
			productType = "com.apple.product-type.application";
		};
/* End PBXNativeTarget section */

/* Begin PBXProject section */
		5D9B8F881514A3980047C78E /* Project object */ = {
			isa = PBXProject;
			attributes = {
				LastUpgradeCheck = 0420;
				ORGANIZATIONNAME = Netlight;
			};
			buildConfigurationList = 5D9B8F8B1514A3980047C78E /* Build configuration list for PBXProject "poker_iPhone" */;
			compatibilityVersion = "Xcode 3.2";
			developmentRegion = English;
			hasScannedForEncodings = 0;
			knownRegions = (
				en,
			);
			mainGroup = 5D9B8F861514A3980047C78E;
			productRefGroup = 5D9B8F921514A3980047C78E /* Products */;
			projectDirPath = "";
			projectRoot = "";
			targets = (
				5D9B8F901514A3980047C78E /* poker_iPhone */,
			);
		};
/* End PBXProject section */

/* Begin PBXResourcesBuildPhase section */
		5D9B8F8F1514A3980047C78E /* Resources */ = {
			isa = PBXResourcesBuildPhase;
			buildActionMask = 2147483647;
			files = (
				5D9B8FA01514A3980047C78E /* InfoPlist.strings in Resources */,
				5D9B8FA91514A3980047C78E /* MainStoryboard.storyboard in Resources */,
			);
			runOnlyForDeploymentPostprocessing = 0;
		};
/* End PBXResourcesBuildPhase section */

/* Begin PBXSourcesBuildPhase section */
		5D9B8F8D1514A3980047C78E /* Sources */ = {
			isa = PBXSourcesBuildPhase;
			buildActionMask = 2147483647;
			files = (
				5D9B8FA21514A3980047C78E /* main.m in Sources */,
				5D9B8FA61514A3980047C78E /* AppDelegate.m in Sources */,
				5D9B8FAC1514A3980047C78E /* ViewController.m in Sources */,
			);
			runOnlyForDeploymentPostprocessing = 0;
		};
/* End PBXSourcesBuildPhase section */

/* Begin PBXVariantGroup section */
		5D9B8F9E1514A3980047C78E /* InfoPlist.strings */ = {
			isa = PBXVariantGroup;
			children = (
				5D9B8F9F1514A3980047C78E /* en */,
			);
			name = InfoPlist.strings;
			sourceTree = "<group>";
		};
		5D9B8FA71514A3980047C78E /* MainStoryboard.storyboard */ = {
			isa = PBXVariantGroup;
			children = (
				5D9B8FA81514A3980047C78E /* en */,
			);
			name = MainStoryboard.storyboard;
			sourceTree = "<group>";
		};
/* End PBXVariantGroup section */

/* Begin XCBuildConfiguration section */
		5D9B8FAD1514A3980047C78E /* Debug */ = {
			isa = XCBuildConfiguration;
			buildSettings = {
				ALWAYS_SEARCH_USER_PATHS = NO;
				ARCHS = "$(ARCHS_STANDARD_32_BIT)";
				CLANG_ENABLE_OBJC_ARC = YES;
				"CODE_SIGN_IDENTITY[sdk=iphoneos*]" = "iPhone Developer";
				COPY_PHASE_STRIP = NO;
				GCC_C_LANGUAGE_STANDARD = gnu99;
				GCC_DYNAMIC_NO_PIC = NO;
				GCC_OPTIMIZATION_LEVEL = 0;
				GCC_PREPROCESSOR_DEFINITIONS = (
					"DEBUG=1",
					"$(inherited)",
				);
				GCC_SYMBOLS_PRIVATE_EXTERN = NO;
				GCC_VERSION = com.apple.compilers.llvm.clang.1_0;
				GCC_WARN_ABOUT_MISSING_PROTOTYPES = YES;
				GCC_WARN_ABOUT_RETURN_TYPE = YES;
				GCC_WARN_UNUSED_VARIABLE = YES;
				IPHONEOS_DEPLOYMENT_TARGET = 5.0;
				SDKROOT = iphoneos;
			};
			name = Debug;
		};
		5D9B8FAE1514A3980047C78E /* Release */ = {
			isa = XCBuildConfiguration;
			buildSettings = {
				ALWAYS_SEARCH_USER_PATHS = NO;
				ARCHS = "$(ARCHS_STANDARD_32_BIT)";
				CLANG_ENABLE_OBJC_ARC = YES;
				"CODE_SIGN_IDENTITY[sdk=iphoneos*]" = "iPhone Developer";
				COPY_PHASE_STRIP = YES;
				GCC_C_LANGUAGE_STANDARD = gnu99;
				GCC_VERSION = com.apple.compilers.llvm.clang.1_0;
				GCC_WARN_ABOUT_MISSING_PROTOTYPES = YES;
				GCC_WARN_ABOUT_RETURN_TYPE = YES;
				GCC_WARN_UNUSED_VARIABLE = YES;
				IPHONEOS_DEPLOYMENT_TARGET = 5.0;
				OTHER_CFLAGS = "-DNS_BLOCK_ASSERTIONS=1";
				SDKROOT = iphoneos;
				VALIDATE_PRODUCT = YES;
			};
			name = Release;
		};
		5D9B8FB01514A3980047C78E /* Debug */ = {
			isa = XCBuildConfiguration;
			buildSettings = {
				GCC_PRECOMPILE_PREFIX_HEADER = YES;
				GCC_PREFIX_HEADER = "poker_iPhone/poker_iPhone-Prefix.pch";
				INFOPLIST_FILE = "poker_iPhone/poker_iPhone-Info.plist";
				PRODUCT_NAME = "$(TARGET_NAME)";
				WRAPPER_EXTENSION = app;
			};
			name = Debug;
		};
		5D9B8FB11514A3980047C78E /* Release */ = {
			isa = XCBuildConfiguration;
			buildSettings = {
				GCC_PRECOMPILE_PREFIX_HEADER = YES;
				GCC_PREFIX_HEADER = "poker_iPhone/poker_iPhone-Prefix.pch";
				INFOPLIST_FILE = "poker_iPhone/poker_iPhone-Info.plist";
				PRODUCT_NAME = "$(TARGET_NAME)";
				WRAPPER_EXTENSION = app;
			};
			name = Release;
		};
/* End XCBuildConfiguration section */

/* Begin XCConfigurationList section */
		5D9B8F8B1514A3980047C78E /* Build configuration list for PBXProject "poker_iPhone" */ = {
			isa = XCConfigurationList;
			buildConfigurations = (
				5D9B8FAD1514A3980047C78E /* Debug */,
				5D9B8FAE1514A3980047C78E /* Release */,
			);
			defaultConfigurationIsVisible = 0;
			defaultConfigurationName = Release;
		};
		5D9B8FAF1514A3980047C78E /* Build configuration list for PBXNativeTarget "poker_iPhone" */ = {
			isa = XCConfigurationList;
			buildConfigurations = (
				5D9B8FB01514A3980047C78E /* Debug */,
				5D9B8FB11514A3980047C78E /* Release */,
			);
			defaultConfigurationIsVisible = 0;
		};
/* End XCConfigurationList section */
	};
	rootObject = 5D9B8F881514A3980047C78E /* Project object */;
}
